
Microsoft Visual Studio Solution File, Format Version 12.00
# Visual Studio Version 17
VisualStudioVersion = 17.9.34607.119
MinimumVisualStudioVersion = 10.0.40219.1
Project("{FAE04EC0-301F-11D3-BF4B-00C04F79EFBC}") = "SpedizioniItalia", "SpedizioniItalia.csproj", "{4012CEBC-94AC-41B3-BEDD-03B5F510CC2F}"
EndProject
Global
	GlobalSection(SolutionConfigurationPlatforms) = preSolution
		Debug|Any CPU = Debug|Any CPU
		Release|Any CPU = Release|Any CPU
	EndGlobalSection
	GlobalSection(ProjectConfigurationPlatforms) = postSolution
		{4012CEBC-94AC-41B3-BEDD-03B5F510CC2F}.Debug|Any CPU.ActiveCfg = Debug|Any CPU
		{4012CEBC-94AC-41B3-BEDD-03B5F510CC2F}.Debug|Any CPU.Build.0 = Debug|Any CPU
		{4012CEBC-94AC-41B3-BEDD-03B5F510CC2F}.Release|Any CPU.ActiveCfg = Release|Any CPU
		{4012CEBC-94AC-41B3-BEDD-03B5F510CC2F}.Release|Any CPU.Build.0 = Release|Any CPU
	EndGlobalSection
	GlobalSection(SolutionProperties) = preSolution
		HideSolutionNode = FALSE
	EndGlobalSection
	GlobalSection(ExtensibilityGlobals) = postSolution
		SolutionGuid = {ABE2B912-BB01-4E2F-AE07-C58F7732FD5A}
	EndGlobalSection
EndGlobal
